
Microsoft Visual Studio Solution File, Format Version 12.00
# Visual Studio Version 17
VisualStudioVersion = 17.1.32127.271
MinimumVisualStudioVersion = 10.0.40219.1
Project("{FAE04EC0-301F-11D3-BF4B-00C04F79EFBC}") = "WorldsHardestGame", "WorldsHardestGame\WorldsHardestGame.csproj", "{D9C157D2-A3B3-47A2-8AA3-8D70780260F0}"
EndProject
Global
	GlobalSection(SolutionConfigurationPlatforms) = preSolution
		Debug|Any CPU = Debug|Any CPU
		Release|Any CPU = Release|Any CPU
	EndGlobalSection
	GlobalSection(ProjectConfigurationPlatforms) = postSolution
		{D9C157D2-A3B3-47A2-8AA3-8D70780260F0}.Debug|Any CPU.ActiveCfg = Debug|Any CPU
		{D9C157D2-A3B3-47A2-8AA3-8D70780260F0}.Debug|Any CPU.Build.0 = Debug|Any CPU
		{D9C157D2-A3B3-47A2-8AA3-8D70780260F0}.Release|Any CPU.ActiveCfg = Release|Any CPU
		{D9C157D2-A3B3-47A2-8AA3-8D70780260F0}.Release|Any CPU.Build.0 = Release|Any CPU
	EndGlobalSection
	GlobalSection(SolutionProperties) = preSolution
		HideSolutionNode = FALSE
	EndGlobalSection
	GlobalSection(ExtensibilityGlobals) = postSolution
		SolutionGuid = {F539C9EB-6176-49AB-95EA-39941EAAF76C}
	EndGlobalSection
EndGlobal
